
Microsoft Visual Studio Solution File, Format Version 12.00
# Visual Studio Version 16
VisualStudioVersion = 16.0.30413.136
MinimumVisualStudioVersion = 10.0.40219.1
Project("{FAE04EC0-301F-11D3-BF4B-00C04F79EFBC}") = "EfCore_Produtos", "EfCore_Produtos.csproj", "{7D5D9073-9E61-48D1-B936-9A56CCB33529}"
EndProject
Global
	GlobalSection(SolutionConfigurationPlatforms) = preSolution
		Debug|Any CPU = Debug|Any CPU
		Release|Any CPU = Release|Any CPU
	EndGlobalSection
	GlobalSection(ProjectConfigurationPlatforms) = postSolution
		{7D5D9073-9E61-48D1-B936-9A56CCB33529}.Debug|Any CPU.ActiveCfg = Debug|Any CPU
		{7D5D9073-9E61-48D1-B936-9A56CCB33529}.Debug|Any CPU.Build.0 = Debug|Any CPU
		{7D5D9073-9E61-48D1-B936-9A56CCB33529}.Release|Any CPU.ActiveCfg = Release|Any CPU
		{7D5D9073-9E61-48D1-B936-9A56CCB33529}.Release|Any CPU.Build.0 = Release|Any CPU
	EndGlobalSection
	GlobalSection(SolutionProperties) = preSolution
		HideSolutionNode = FALSE
	EndGlobalSection
	GlobalSection(ExtensibilityGlobals) = postSolution
		SolutionGuid = {C8603DE7-7A6F-4466-B416-8D98CD71AC9B}
	EndGlobalSection
EndGlobal
